
Microsoft Visual Studio Solution File, Format Version 12.00
# Visual Studio Version 16
VisualStudioVersion = 16.0.29613.14
MinimumVisualStudioVersion = 10.0.40219.1
Project("{FAE04EC0-301F-11D3-BF4B-00C04F79EFBC}") = "AppPomodoreMethod", "AppPomodoreMethod.csproj", "{4857717F-8799-4DD5-A750-09C1D7E833ED}"
EndProject
Global
	GlobalSection(SolutionConfigurationPlatforms) = preSolution
		Debug|Any CPU = Debug|Any CPU
		Release|Any CPU = Release|Any CPU
	EndGlobalSection
	GlobalSection(ProjectConfigurationPlatforms) = postSolution
		{4857717F-8799-4DD5-A750-09C1D7E833ED}.Debug|Any CPU.ActiveCfg = Debug|Any CPU
		{4857717F-8799-4DD5-A750-09C1D7E833ED}.Debug|Any CPU.Build.0 = Debug|Any CPU
		{4857717F-8799-4DD5-A750-09C1D7E833ED}.Release|Any CPU.ActiveCfg = Release|Any CPU
		{4857717F-8799-4DD5-A750-09C1D7E833ED}.Release|Any CPU.Build.0 = Release|Any CPU
	EndGlobalSection
	GlobalSection(SolutionProperties) = preSolution
		HideSolutionNode = FALSE
	EndGlobalSection
	GlobalSection(ExtensibilityGlobals) = postSolution
		SolutionGuid = {640875A4-ECF2-4FEE-95ED-348892F784AB}
	EndGlobalSection
EndGlobal
